
Microsoft Visual Studio Solution File, Format Version 12.00
# Visual Studio Version 18
VisualStudioVersion = 18.4.11620.152
MinimumVisualStudioVersion = 10.0.40219.1
Project("{FAE04EC0-301F-11D3-BF4B-00C04F79EFBC}") = "OcelotGateway", "OcelotGateway.csproj", "{1A791971-8394-F48A-048C-96C820DEC8CA}"
EndProject
Global
	GlobalSection(SolutionConfigurationPlatforms) = preSolution
		Debug|Any CPU = Debug|Any CPU
		Release|Any CPU = Release|Any CPU
	EndGlobalSection
	GlobalSection(ProjectConfigurationPlatforms) = postSolution
		{1A791971-8394-F48A-048C-96C820DEC8CA}.Debug|Any CPU.ActiveCfg = Debug|Any CPU
		{1A791971-8394-F48A-048C-96C820DEC8CA}.Debug|Any CPU.Build.0 = Debug|Any CPU
		{1A791971-8394-F48A-048C-96C820DEC8CA}.Release|Any CPU.ActiveCfg = Release|Any CPU
		{1A791971-8394-F48A-048C-96C820DEC8CA}.Release|Any CPU.Build.0 = Release|Any CPU
	EndGlobalSection
	GlobalSection(SolutionProperties) = preSolution
		HideSolutionNode = FALSE
	EndGlobalSection
	GlobalSection(ExtensibilityGlobals) = postSolution
		SolutionGuid = {45E0F2F2-8A82-4929-85CB-D35B8125781E}
	EndGlobalSection
EndGlobal
